// !$*UTF8*$!
{
	archiveVersion = 1;
	classes = {
	};
	objectVersion = 56;
	objects = {

/* Begin PBXBuildFile section */
		1998D5432A610C4800356CEF /* CoreDataMultipleStore.docc in Sources */ = {isa = PBXBuildFile; fileRef = 1998D5422A610C4800356CEF /* CoreDataMultipleStore.docc */; };
		1998D5492A610C4900356CEF /* CoreDataMultipleStore.framework in Frameworks */ = {isa = PBXBuildFile; fileRef = 1998D53E2A610C4800356CEF /* CoreDataMultipleStore.framework */; };
		1998D54E2A610C4900356CEF /* CoreDataMultipleStoreTests.swift in Sources */ = {isa = PBXBuildFile; fileRef = 1998D54D2A610C4900356CEF /* CoreDataMultipleStoreTests.swift */; };
		1998D54F2A610C4900356CEF /* CoreDataMultipleStore.h in Headers */ = {isa = PBXBuildFile; fileRef = 1998D5412A610C4800356CEF /* CoreDataMultipleStore.h */; settings = {ATTRIBUTES = (Public, ); }; };
		1998D5592A610C5A00356CEF /* CoreDataMultipleStore.swift in Sources */ = {isa = PBXBuildFile; fileRef = 1998D5582A610C5A00356CEF /* CoreDataMultipleStore.swift */; };
/* End PBXBuildFile section */

/* Begin PBXContainerItemProxy section */
		1998D54A2A610C4900356CEF /* PBXContainerItemProxy */ = {
			isa = PBXContainerItemProxy;
			containerPortal = 1998D5352A610C4800356CEF /* Project object */;
			proxyType = 1;
			remoteGlobalIDString = 1998D53D2A610C4800356CEF;
			remoteInfo = CoreDataMultipleStore;
		};
/* End PBXContainerItemProxy section */

/* Begin PBXFileReference section */
		1998D53E2A610C4800356CEF /* CoreDataMultipleStore.framework */ = {isa = PBXFileReference; explicitFileType = wrapper.framework; includeInIndex = 0; path = CoreDataMultipleStore.framework; sourceTree = BUILT_PRODUCTS_DIR; };
		1998D5412A610C4800356CEF /* CoreDataMultipleStore.h */ = {isa = PBXFileReference; lastKnownFileType = sourcecode.c.h; path = CoreDataMultipleStore.h; sourceTree = "<group>"; };
		1998D5422A610C4800356CEF /* CoreDataMultipleStore.docc */ = {isa = PBXFileReference; lastKnownFileType = folder.documentationcatalog; path = CoreDataMultipleStore.docc; sourceTree = "<group>"; };
		1998D5482A610C4900356CEF /* CoreDataMultipleStoreTests.xctest */ = {isa = PBXFileReference; explicitFileType = wrapper.cfbundle; includeInIndex = 0; path = CoreDataMultipleStoreTests.xctest; sourceTree = BUILT_PRODUCTS_DIR; };
		1998D54D2A610C4900356CEF /* CoreDataMultipleStoreTests.swift */ = {isa = PBXFileReference; lastKnownFileType = sourcecode.swift; path = CoreDataMultipleStoreTests.swift; sourceTree = "<group>"; };
		1998D5582A610C5A00356CEF /* CoreDataMultipleStore.swift */ = {isa = PBXFileReference; lastKnownFileType = sourcecode.swift; path = CoreDataMultipleStore.swift; sourceTree = "<group>"; };
/* End PBXFileReference section */

/* Begin PBXFrameworksBuildPhase section */
		1998D53B2A610C4800356CEF /* Frameworks */ = {
			isa = PBXFrameworksBuildPhase;
			buildActionMask = 2147483647;
			files = (
			);
			runOnlyForDeploymentPostprocessing = 0;
		};
		1998D5452A610C4900356CEF /* Frameworks */ = {
			isa = PBXFrameworksBuildPhase;
			buildActionMask = 2147483647;
			files = (
				1998D5492A610C4900356CEF /* CoreDataMultipleStore.framework in Frameworks */,
			);
			runOnlyForDeploymentPostprocessing = 0;
		};
/* End PBXFrameworksBuildPhase section */

/* Begin PBXGroup section */
		1998D5342A610C4800356CEF = {
			isa = PBXGroup;
			children = (
				1998D5402A610C4800356CEF /* CoreDataMultipleStore */,
				1998D54C2A610C4900356CEF /* CoreDataMultipleStoreTests */,
				1998D53F2A610C4800356CEF /* Products */,
			);
			sourceTree = "<group>";
		};
		1998D53F2A610C4800356CEF /* Products */ = {
			isa = PBXGroup;
			children = (
				1998D53E2A610C4800356CEF /* CoreDataMultipleStore.framework */,
				1998D5482A610C4900356CEF /* CoreDataMultipleStoreTests.xctest */,
			);
			name = Products;
			sourceTree = "<group>";
		};
		1998D5402A610C4800356CEF /* CoreDataMultipleStore */ = {
			isa = PBXGroup;
			children = (
				1998D5412A610C4800356CEF /* CoreDataMultipleStore.h */,
				1998D5422A610C4800356CEF /* CoreDataMultipleStore.docc */,
				1998D5582A610C5A00356CEF /* CoreDataMultipleStore.swift */,
			);
			path = CoreDataMultipleStore;
			sourceTree = "<group>";
		};
		1998D54C2A610C4900356CEF /* CoreDataMultipleStoreTests */ = {
			isa = PBXGroup;
			children = (
				1998D54D2A610C4900356CEF /* CoreDataMultipleStoreTests.swift */,
			);
			path = CoreDataMultipleStoreTests;
			sourceTree = "<group>";
		};
/* End PBXGroup section */

/* Begin PBXHeadersBuildPhase section */
		1998D5392A610C4800356CEF /* Headers */ = {
			isa = PBXHeadersBuildPhase;
			buildActionMask = 2147483647;
			files = (
				1998D54F2A610C4900356CEF /* CoreDataMultipleStore.h in Headers */,
			);
			runOnlyForDeploymentPostprocessing = 0;
		};
/* End PBXHeadersBuildPhase section */

/* Begin PBXNativeTarget section */
		1998D53D2A610C4800356CEF /* CoreDataMultipleStore */ = {
			isa = PBXNativeTarget;
			buildConfigurationList = 1998D5522A610C4900356CEF /* Build configuration list for PBXNativeTarget "CoreDataMultipleStore" */;
			buildPhases = (
				1998D5392A610C4800356CEF /* Headers */,
				1998D53A2A610C4800356CEF /* Sources */,
				1998D53B2A610C4800356CEF /* Frameworks */,
				1998D53C2A610C4800356CEF /* Resources */,
			);
			buildRules = (
			);
			dependencies = (
			);
			name = CoreDataMultipleStore;
			productName = CoreDataMultipleStore;
			productReference = 1998D53E2A610C4800356CEF /* CoreDataMultipleStore.framework */;
			productType = "com.apple.product-type.framework";
		};
		1998D5472A610C4900356CEF /* CoreDataMultipleStoreTests */ = {
			isa = PBXNativeTarget;
			buildConfigurationList = 1998D5552A610C4900356CEF /* Build configuration list for PBXNativeTarget "CoreDataMultipleStoreTests" */;
			buildPhases = (
				1998D5442A610C4900356CEF /* Sources */,
				1998D5452A610C4900356CEF /* Frameworks */,
				1998D5462A610C4900356CEF /* Resources */,
			);
			buildRules = (
			);
			dependencies = (
				1998D54B2A610C4900356CEF /* PBXTargetDependency */,
			);
			name = CoreDataMultipleStoreTests;
			productName = CoreDataMultipleStoreTests;
			productReference = 1998D5482A610C4900356CEF /* CoreDataMultipleStoreTests.xctest */;
			productType = "com.apple.product-type.bundle.unit-test";
		};
/* End PBXNativeTarget section */

/* Begin PBXProject section */
		1998D5352A610C4800356CEF /* Project object */ = {
			isa = PBXProject;
			attributes = {
				BuildIndependentTargetsInParallel = 1;
				LastSwiftUpdateCheck = 1430;
				LastUpgradeCheck = 1430;
				TargetAttributes = {
					1998D53D2A610C4800356CEF = {
						CreatedOnToolsVersion = 14.3.1;
					};
					1998D5472A610C4900356CEF = {
						CreatedOnToolsVersion = 14.3.1;
					};
				};
			};
			buildConfigurationList = 1998D5382A610C4800356CEF /* Build configuration list for PBXProject "CoreDataMultipleStore" */;
			compatibilityVersion = "Xcode 14.0";
			developmentRegion = en;
			hasScannedForEncodings = 0;
			knownRegions = (
				en,
				Base,
			);
			mainGroup = 1998D5342A610C4800356CEF;
			productRefGroup = 1998D53F2A610C4800356CEF /* Products */;
			projectDirPath = "";
			projectRoot = "";
			targets = (
				1998D53D2A610C4800356CEF /* CoreDataMultipleStore */,
				1998D5472A610C4900356CEF /* CoreDataMultipleStoreTests */,
			);
		};
/* End PBXProject section */

/* Begin PBXResourcesBuildPhase section */
		1998D53C2A610C4800356CEF /* Resources */ = {
			isa = PBXResourcesBuildPhase;
			buildActionMask = 2147483647;
			files = (
			);
			runOnlyForDeploymentPostprocessing = 0;
		};
		1998D5462A610C4900356CEF /* Resources */ = {
			isa = PBXResourcesBuildPhase;
			buildActionMask = 2147483647;
			files = (
			);
			runOnlyForDeploymentPostprocessing = 0;
		};
/* End PBXResourcesBuildPhase section */

/* Begin PBXSourcesBuildPhase section */
		1998D53A2A610C4800356CEF /* Sources */ = {
			isa = PBXSourcesBuildPhase;
			buildActionMask = 2147483647;
			files = (
				1998D5592A610C5A00356CEF /* CoreDataMultipleStore.swift in Sources */,
				1998D5432A610C4800356CEF /* CoreDataMultipleStore.docc in Sources */,
			);
			runOnlyForDeploymentPostprocessing = 0;
		};
		1998D5442A610C4900356CEF /* Sources */ = {
			isa = PBXSourcesBuildPhase;
			buildActionMask = 2147483647;
			files = (
				1998D54E2A610C4900356CEF /* CoreDataMultipleStoreTests.swift in Sources */,
			);
			runOnlyForDeploymentPostprocessing = 0;
		};
/* End PBXSourcesBuildPhase section */

/* Begin PBXTargetDependency section */
		1998D54B2A610C4900356CEF /* PBXTargetDependency */ = {
			isa = PBXTargetDependency;
			target = 1998D53D2A610C4800356CEF /* CoreDataMultipleStore */;
			targetProxy = 1998D54A2A610C4900356CEF /* PBXContainerItemProxy */;
		};
/* End PBXTargetDependency section */

/* Begin XCBuildConfiguration section */
		1998D5502A610C4900356CEF /* Debug */ = {
			isa = XCBuildConfiguration;
			buildSettings = {
				ALWAYS_SEARCH_USER_PATHS = NO;
				CLANG_ANALYZER_NONNULL = YES;
				CLANG_ANALYZER_NUMBER_OBJECT_CONVERSION = YES_AGGRESSIVE;
				CLANG_CXX_LANGUAGE_STANDARD = "gnu++20";
				CLANG_ENABLE_MODULES = YES;
				CLANG_ENABLE_OBJC_ARC = YES;
				CLANG_ENABLE_OBJC_WEAK = YES;
				CLANG_WARN_BLOCK_CAPTURE_AUTORELEASING = YES;
				CLANG_WARN_BOOL_CONVERSION = YES;
				CLANG_WARN_COMMA = YES;
				CLANG_WARN_CONSTANT_CONVERSION = YES;
				CLANG_WARN_DEPRECATED_OBJC_IMPLEMENTATIONS = YES;
				CLANG_WARN_DIRECT_OBJC_ISA_USAGE = YES_ERROR;
				CLANG_WARN_DOCUMENTATION_COMMENTS = YES;
				CLANG_WARN_EMPTY_BODY = YES;
				CLANG_WARN_ENUM_CONVERSION = YES;
				CLANG_WARN_INFINITE_RECURSION = YES;
				CLANG_WARN_INT_CONVERSION = YES;
				CLANG_WARN_NON_LITERAL_NULL_CONVERSION = YES;
				CLANG_WARN_OBJC_IMPLICIT_RETAIN_SELF = YES;
				CLANG_WARN_OBJC_LITERAL_CONVERSION = YES;
				CLANG_WARN_OBJC_ROOT_CLASS = YES_ERROR;
				CLANG_WARN_QUOTED_INCLUDE_IN_FRAMEWORK_HEADER = YES;
				CLANG_WARN_RANGE_LOOP_ANALYSIS = YES;
				CLANG_WARN_STRICT_PROTOTYPES = YES;
				CLANG_WARN_SUSPICIOUS_MOVE = YES;
				CLANG_WARN_UNGUARDED_AVAILABILITY = YES_AGGRESSIVE;
				CLANG_WARN_UNREACHABLE_CODE = YES;
				CLANG_WARN__DUPLICATE_METHOD_MATCH = YES;
				COPY_PHASE_STRIP = NO;
				CURRENT_PROJECT_VERSION = 1;
				DEBUG_INFORMATION_FORMAT = dwarf;
				ENABLE_STRICT_OBJC_MSGSEND = YES;
				ENABLE_TESTABILITY = YES;
				GCC_C_LANGUAGE_STANDARD = gnu11;
				GCC_DYNAMIC_NO_PIC = NO;
				GCC_NO_COMMON_BLOCKS = YES;
				GCC_OPTIMIZATION_LEVEL = 0;
				GCC_PREPROCESSOR_DEFINITIONS = (
					"DEBUG=1",
					"$(inherited)",
				);
				GCC_WARN_64_TO_32_BIT_CONVERSION = YES;
				GCC_WARN_ABOUT_RETURN_TYPE = YES_ERROR;
				GCC_WARN_UNDECLARED_SELECTOR = YES;
				GCC_WARN_UNINITIALIZED_AUTOS = YES_AGGRESSIVE;
				GCC_WARN_UNUSED_FUNCTION = YES;
				GCC_WARN_UNUSED_VARIABLE = YES;
				IPHONEOS_DEPLOYMENT_TARGET = 16.4;
				MTL_ENABLE_DEBUG_INFO = INCLUDE_SOURCE;
				MTL_FAST_MATH = YES;
				ONLY_ACTIVE_ARCH = YES;
				SDKROOT = iphoneos;
				SWIFT_ACTIVE_COMPILATION_CONDITIONS = DEBUG;
				SWIFT_OPTIMIZATION_LEVEL = "-Onone";
				VERSIONING_SYSTEM = "apple-generic";
				VERSION_INFO_PREFIX = "";
			};
			name = Debug;
		};
		1998D5512A610C4900356CEF /* Release */ = {
			isa = XCBuildConfiguration;
			buildSettings = {
				ALWAYS_SEARCH_USER_PATHS = NO;
				CLANG_ANALYZER_NONNULL = YES;
				CLANG_ANALYZER_NUMBER_OBJECT_CONVERSION = YES_AGGRESSIVE;
				CLANG_CXX_LANGUAGE_STANDARD = "gnu++20";
				CLANG_ENABLE_MODULES = YES;
				CLANG_ENABLE_OBJC_ARC = YES;
				CLANG_ENABLE_OBJC_WEAK = YES;
				CLANG_WARN_BLOCK_CAPTURE_AUTORELEASING = YES;
				CLANG_WARN_BOOL_CONVERSION = YES;
				CLANG_WARN_COMMA = YES;
				CLANG_WARN_CONSTANT_CONVERSION = YES;
				CLANG_WARN_DEPRECATED_OBJC_IMPLEMENTATIONS = YES;
				CLANG_WARN_DIRECT_OBJC_ISA_USAGE = YES_ERROR;
				CLANG_WARN_DOCUMENTATION_COMMENTS = YES;
				CLANG_WARN_EMPTY_BODY = YES;
				CLANG_WARN_ENUM_CONVERSION = YES;
				CLANG_WARN_INFINITE_RECURSION = YES;
				CLANG_WARN_INT_CONVERSION = YES;
				CLANG_WARN_NON_LITERAL_NULL_CONVERSION = YES;
				CLANG_WARN_OBJC_IMPLICIT_RETAIN_SELF = YES;
				CLANG_WARN_OBJC_LITERAL_CONVERSION = YES;
				CLANG_WARN_OBJC_ROOT_CLASS = YES_ERROR;
				CLANG_WARN_QUOTED_INCLUDE_IN_FRAMEWORK_HEADER = YES;
				CLANG_WARN_RANGE_LOOP_ANALYSIS = YES;
				CLANG_WARN_STRICT_PROTOTYPES = YES;
				CLANG_WARN_SUSPICIOUS_MOVE = YES;
				CLANG_WARN_UNGUARDED_AVAILABILITY = YES_AGGRESSIVE;
				CLANG_WARN_UNREACHABLE_CODE = YES;
				CLANG_WARN__DUPLICATE_METHOD_MATCH = YES;
				COPY_PHASE_STRIP = NO;
				CURRENT_PROJECT_VERSION = 1;
				DEBUG_INFORMATION_FORMAT = "dwarf-with-dsym";
				ENABLE_NS_ASSERTIONS = NO;
				ENABLE_STRICT_OBJC_MSGSEND = YES;
				GCC_C_LANGUAGE_STANDARD = gnu11;
				GCC_NO_COMMON_BLOCKS = YES;
				GCC_WARN_64_TO_32_BIT_CONVERSION = YES;
				GCC_WARN_ABOUT_RETURN_TYPE = YES_ERROR;
				GCC_WARN_UNDECLARED_SELECTOR = YES;
				GCC_WARN_UNINITIALIZED_AUTOS = YES_AGGRESSIVE;
				GCC_WARN_UNUSED_FUNCTION = YES;
				GCC_WARN_UNUSED_VARIABLE = YES;
				IPHONEOS_DEPLOYMENT_TARGET = 16.4;
				MTL_ENABLE_DEBUG_INFO = NO;
				MTL_FAST_MATH = YES;
				SDKROOT = iphoneos;
				SWIFT_COMPILATION_MODE = wholemodule;
				SWIFT_OPTIMIZATION_LEVEL = "-O";
				VALIDATE_PRODUCT = YES;
				VERSIONING_SYSTEM = "apple-generic";
				VERSION_INFO_PREFIX = "";
			};
			name = Release;
		};
		1998D5532A610C4900356CEF /* Debug */ = {
			isa = XCBuildConfiguration;
			buildSettings = {
				CODE_SIGN_STYLE = Automatic;
				CURRENT_PROJECT_VERSION = 1;
				DEFINES_MODULE = YES;
				DEVELOPMENT_TEAM = A2LLH93JJN;
				DYLIB_COMPATIBILITY_VERSION = 1;
				DYLIB_CURRENT_VERSION = 1;
				DYLIB_INSTALL_NAME_BASE = "@rpath";
				ENABLE_MODULE_VERIFIER = YES;
				GENERATE_INFOPLIST_FILE = YES;
				INFOPLIST_KEY_NSHumanReadableCopyright = "";
				INSTALL_PATH = "$(LOCAL_LIBRARY_DIR)/Frameworks";
				LD_RUNPATH_SEARCH_PATHS = (
					"$(inherited)",
					"@executable_path/Frameworks",
					"@loader_path/Frameworks",
				);
				MARKETING_VERSION = 1.0;
				MODULE_VERIFIER_SUPPORTED_LANGUAGES = "objective-c objective-c++";
				MODULE_VERIFIER_SUPPORTED_LANGUAGE_STANDARDS = "gnu11 gnu++20";
				PRODUCT_BUNDLE_IDENTIFIER = com.vijay.CoreDataMultipleStore;
				PRODUCT_NAME = "$(TARGET_NAME:c99extidentifier)";
				SKIP_INSTALL = YES;
				SWIFT_EMIT_LOC_STRINGS = YES;
				SWIFT_VERSION = 5.0;
				TARGETED_DEVICE_FAMILY = "1,2";
			};
			name = Debug;
		};
		1998D5542A610C4900356CEF /* Release */ = {
			isa = XCBuildConfiguration;
			buildSettings = {
				CODE_SIGN_STYLE = Automatic;
				CURRENT_PROJECT_VERSION = 1;
				DEFINES_MODULE = YES;
				DEVELOPMENT_TEAM = A2LLH93JJN;
				DYLIB_COMPATIBILITY_VERSION = 1;
				DYLIB_CURRENT_VERSION = 1;
				DYLIB_INSTALL_NAME_BASE = "@rpath";
				ENABLE_MODULE_VERIFIER = YES;
				GENERATE_INFOPLIST_FILE = YES;
				INFOPLIST_KEY_NSHumanReadableCopyright = "";
				INSTALL_PATH = "$(LOCAL_LIBRARY_DIR)/Frameworks";
				LD_RUNPATH_SEARCH_PATHS = (
					"$(inherited)",
					"@executable_path/Frameworks",
					"@loader_path/Frameworks",
				);
				MARKETING_VERSION = 1.0;
				MODULE_VERIFIER_SUPPORTED_LANGUAGES = "objective-c objective-c++";
				MODULE_VERIFIER_SUPPORTED_LANGUAGE_STANDARDS = "gnu11 gnu++20";
				PRODUCT_BUNDLE_IDENTIFIER = com.vijay.CoreDataMultipleStore;
				PRODUCT_NAME = "$(TARGET_NAME:c99extidentifier)";
				SKIP_INSTALL = YES;
				SWIFT_EMIT_LOC_STRINGS = YES;
				SWIFT_VERSION = 5.0;
				TARGETED_DEVICE_FAMILY = "1,2";
			};
			name = Release;
		};
		1998D5562A610C4900356CEF /* Debug */ = {
			isa = XCBuildConfiguration;
			buildSettings = {
				ALWAYS_EMBED_SWIFT_STANDARD_LIBRARIES = YES;
				CODE_SIGN_STYLE = Automatic;
				CURRENT_PROJECT_VERSION = 1;
				DEVELOPMENT_TEAM = A2LLH93JJN;
				GENERATE_INFOPLIST_FILE = YES;
				MARKETING_VERSION = 1.0;
				PRODUCT_BUNDLE_IDENTIFIER = com.vijay.CoreDataMultipleStoreTests;
				PRODUCT_NAME = "$(TARGET_NAME)";
				SWIFT_EMIT_LOC_STRINGS = NO;
				SWIFT_VERSION = 5.0;
				TARGETED_DEVICE_FAMILY = "1,2";
			};
			name = Debug;
		};
		1998D5572A610C4900356CEF /* Release */ = {
			isa = XCBuildConfiguration;
			buildSettings = {
				ALWAYS_EMBED_SWIFT_STANDARD_LIBRARIES = YES;
				CODE_SIGN_STYLE = Automatic;
				CURRENT_PROJECT_VERSION = 1;
				DEVELOPMENT_TEAM = A2LLH93JJN;
				GENERATE_INFOPLIST_FILE = YES;
				MARKETING_VERSION = 1.0;
				PRODUCT_BUNDLE_IDENTIFIER = com.vijay.CoreDataMultipleStoreTests;
				PRODUCT_NAME = "$(TARGET_NAME)";
				SWIFT_EMIT_LOC_STRINGS = NO;
				SWIFT_VERSION = 5.0;
				TARGETED_DEVICE_FAMILY = "1,2";
			};
			name = Release;
		};
/* End XCBuildConfiguration section */

/* Begin XCConfigurationList section */
		1998D5382A610C4800356CEF /* Build configuration list for PBXProject "CoreDataMultipleStore" */ = {
			isa = XCConfigurationList;
			buildConfigurations = (
				1998D5502A610C4900356CEF /* Debug */,
				1998D5512A610C4900356CEF /* Release */,
			);
			defaultConfigurationIsVisible = 0;
			defaultConfigurationName = Release;
		};
		1998D5522A610C4900356CEF /* Build configuration list for PBXNativeTarget "CoreDataMultipleStore" */ = {
			isa = XCConfigurationList;
			buildConfigurations = (
				1998D5532A610C4900356CEF /* Debug */,
				1998D5542A610C4900356CEF /* Release */,
			);
			defaultConfigurationIsVisible = 0;
			defaultConfigurationName = Release;
		};
		1998D5552A610C4900356CEF /* Build configuration list for PBXNativeTarget "CoreDataMultipleStoreTests" */ = {
			isa = XCConfigurationList;
			buildConfigurations = (
				1998D5562A610C4900356CEF /* Debug */,
				1998D5572A610C4900356CEF /* Release */,
			);
			defaultConfigurationIsVisible = 0;
			defaultConfigurationName = Release;
		};
/* End XCConfigurationList section */
	};
	rootObject = 1998D5352A610C4800356CEF /* Project object */;
}
